
Microsoft Visual Studio Solution File, Format Version 12.00
# Visual Studio Version 16
VisualStudioVersion = 16.0.32510.428
MinimumVisualStudioVersion = 10.0.40219.1
Project("{FAE04EC0-301F-11D3-BF4B-00C04F79EFBC}") = "Entity", "Entity\Entity.csproj", "{61AC0D89-612B-42FF-96BA-39CFF73A4279}"
EndProject
Project("{FAE04EC0-301F-11D3-BF4B-00C04F79EFBC}") = "DataAccessLayer", "DataAccessLayer\DataAccessLayer.csproj", "{4164EE30-AD15-406D-86F9-C5CDB660C882}"
EndProject
Project("{FAE04EC0-301F-11D3-BF4B-00C04F79EFBC}") = "ClientLayer", "ClientLayer\ClientLayer.csproj", "{C35A9F1D-4A42-43D9-959E-EC7DB10038C1}"
EndProject
Project("{FAE04EC0-301F-11D3-BF4B-00C04F79EFBC}") = "BusinessLayer", "BusinessLayer\BusinessLayer.csproj", "{7CF95708-5B04-406C-9087-E75D913598C9}"
EndProject
Global
	GlobalSection(SolutionConfigurationPlatforms) = preSolution
		Debug|Any CPU = Debug|Any CPU
		Release|Any CPU = Release|Any CPU
	EndGlobalSection
	GlobalSection(ProjectConfigurationPlatforms) = postSolution
		{61AC0D89-612B-42FF-96BA-39CFF73A4279}.Debug|Any CPU.ActiveCfg = Debug|Any CPU
		{61AC0D89-612B-42FF-96BA-39CFF73A4279}.Debug|Any CPU.Build.0 = Debug|Any CPU
		{61AC0D89-612B-42FF-96BA-39CFF73A4279}.Release|Any CPU.ActiveCfg = Release|Any CPU
		{61AC0D89-612B-42FF-96BA-39CFF73A4279}.Release|Any CPU.Build.0 = Release|Any CPU
		{4164EE30-AD15-406D-86F9-C5CDB660C882}.Debug|Any CPU.ActiveCfg = Debug|Any CPU
		{4164EE30-AD15-406D-86F9-C5CDB660C882}.Debug|Any CPU.Build.0 = Debug|Any CPU
		{4164EE30-AD15-406D-86F9-C5CDB660C882}.Release|Any CPU.ActiveCfg = Release|Any CPU
		{4164EE30-AD15-406D-86F9-C5CDB660C882}.Release|Any CPU.Build.0 = Release|Any CPU
		{C35A9F1D-4A42-43D9-959E-EC7DB10038C1}.Debug|Any CPU.ActiveCfg = Debug|Any CPU
		{C35A9F1D-4A42-43D9-959E-EC7DB10038C1}.Debug|Any CPU.Build.0 = Debug|Any CPU
		{C35A9F1D-4A42-43D9-959E-EC7DB10038C1}.Release|Any CPU.ActiveCfg = Release|Any CPU
		{C35A9F1D-4A42-43D9-959E-EC7DB10038C1}.Release|Any CPU.Build.0 = Release|Any CPU
		{7CF95708-5B04-406C-9087-E75D913598C9}.Debug|Any CPU.ActiveCfg = Debug|Any CPU
		{7CF95708-5B04-406C-9087-E75D913598C9}.Debug|Any CPU.Build.0 = Debug|Any CPU
		{7CF95708-5B04-406C-9087-E75D913598C9}.Release|Any CPU.ActiveCfg = Release|Any CPU
		{7CF95708-5B04-406C-9087-E75D913598C9}.Release|Any CPU.Build.0 = Release|Any CPU
	EndGlobalSection
	GlobalSection(SolutionProperties) = preSolution
		HideSolutionNode = FALSE
	EndGlobalSection
	GlobalSection(ExtensibilityGlobals) = postSolution
		SolutionGuid = {86CE80DE-AEFA-4765-AF27-33B36DC3A355}
	EndGlobalSection
EndGlobal
